
Microsoft Visual Studio Solution File, Format Version 12.00
# Visual Studio Version 16
VisualStudioVersion = 16.0.30524.135
MinimumVisualStudioVersion = 10.0.40219.1
Project("{9A19103F-16F7-4668-BE54-9A1E7A4F7556}") = "TraitsSample", "TraitsSample.csproj", "{C3A650D8-AD1E-4F88-88DC-E5B8FD66FD7B}"
EndProject
Global
	GlobalSection(SolutionConfigurationPlatforms) = preSolution
		Debug|Any CPU = Debug|Any CPU
		Release|Any CPU = Release|Any CPU
	EndGlobalSection
	GlobalSection(ProjectConfigurationPlatforms) = postSolution
		{C3A650D8-AD1E-4F88-88DC-E5B8FD66FD7B}.Debug|Any CPU.ActiveCfg = Debug|Any CPU
		{C3A650D8-AD1E-4F88-88DC-E5B8FD66FD7B}.Debug|Any CPU.Build.0 = Debug|Any CPU
		{C3A650D8-AD1E-4F88-88DC-E5B8FD66FD7B}.Release|Any CPU.ActiveCfg = Release|Any CPU
		{C3A650D8-AD1E-4F88-88DC-E5B8FD66FD7B}.Release|Any CPU.Build.0 = Release|Any CPU
	EndGlobalSection
	GlobalSection(SolutionProperties) = preSolution
		HideSolutionNode = FALSE
	EndGlobalSection
	GlobalSection(ExtensibilityGlobals) = postSolution
		SolutionGuid = {482B9F51-850C-497A-90EC-63DC7FB04CAC}
	EndGlobalSection
EndGlobal
