
Microsoft Visual Studio Solution File, Format Version 12.00
# Visual Studio Version 16
VisualStudioVersion = 16.0.30524.135
MinimumVisualStudioVersion = 10.0.40219.1
Project("{FAE04EC0-301F-11D3-BF4B-00C04F79EFBC}") = "WebAppWithConfig", "WebAppWithConfig\WebAppWithConfig.csproj", "{FEB1E920-2542-488C-B362-6E976CE2F2F2}"
EndProject
Global
	GlobalSection(SolutionConfigurationPlatforms) = preSolution
		Debug|Any CPU = Debug|Any CPU
		Release|Any CPU = Release|Any CPU
	EndGlobalSection
	GlobalSection(ProjectConfigurationPlatforms) = postSolution
		{FEB1E920-2542-488C-B362-6E976CE2F2F2}.Debug|Any CPU.ActiveCfg = Debug|Any CPU
		{FEB1E920-2542-488C-B362-6E976CE2F2F2}.Debug|Any CPU.Build.0 = Debug|Any CPU
		{FEB1E920-2542-488C-B362-6E976CE2F2F2}.Release|Any CPU.ActiveCfg = Release|Any CPU
		{FEB1E920-2542-488C-B362-6E976CE2F2F2}.Release|Any CPU.Build.0 = Release|Any CPU
	EndGlobalSection
	GlobalSection(SolutionProperties) = preSolution
		HideSolutionNode = FALSE
	EndGlobalSection
	GlobalSection(ExtensibilityGlobals) = postSolution
		SolutionGuid = {E8C5586D-6231-44DB-8999-EC2D5C05690A}
	EndGlobalSection
EndGlobal
