
Microsoft Visual Studio Solution File, Format Version 12.00
# Visual Studio Version 16
VisualStudioVersion = 16.0.30524.135
MinimumVisualStudioVersion = 10.0.40219.1
Project("{FAE04EC0-301F-11D3-BF4B-00C04F79EFBC}") = "BlazorServerSample", "BlazorServerSample\BlazorServerSample.csproj", "{5283FF97-A5D8-40C4-B30E-F6675AD77069}"
EndProject
Global
	GlobalSection(SolutionConfigurationPlatforms) = preSolution
		Debug|Any CPU = Debug|Any CPU
		Release|Any CPU = Release|Any CPU
	EndGlobalSection
	GlobalSection(ProjectConfigurationPlatforms) = postSolution
		{5283FF97-A5D8-40C4-B30E-F6675AD77069}.Debug|Any CPU.ActiveCfg = Debug|Any CPU
		{5283FF97-A5D8-40C4-B30E-F6675AD77069}.Debug|Any CPU.Build.0 = Debug|Any CPU
		{5283FF97-A5D8-40C4-B30E-F6675AD77069}.Release|Any CPU.ActiveCfg = Release|Any CPU
		{5283FF97-A5D8-40C4-B30E-F6675AD77069}.Release|Any CPU.Build.0 = Release|Any CPU
	EndGlobalSection
	GlobalSection(SolutionProperties) = preSolution
		HideSolutionNode = FALSE
	EndGlobalSection
	GlobalSection(ExtensibilityGlobals) = postSolution
		SolutionGuid = {86A6B6AE-76A7-4AD7-9916-2685885EF419}
	EndGlobalSection
EndGlobal
